
Microsoft Visual Studio Solution File, Format Version 12.00
# Visual Studio Version 17
VisualStudioVersion = 17.11.35219.272
MinimumVisualStudioVersion = 10.0.40219.1
Project("{9A19103F-16F7-4668-BE54-9A1E7A4F7556}") = "WebApi", "WebApi.csproj", "{C4CC460D-9165-4F71-A658-0F34406AB271}"
EndProject
Global
	GlobalSection(SolutionConfigurationPlatforms) = preSolution
		Debug|Any CPU = Debug|Any CPU
		Release|Any CPU = Release|Any CPU
	EndGlobalSection
	GlobalSection(ProjectConfigurationPlatforms) = postSolution
		{C4CC460D-9165-4F71-A658-0F34406AB271}.Debug|Any CPU.ActiveCfg = Debug|Any CPU
		{C4CC460D-9165-4F71-A658-0F34406AB271}.Debug|Any CPU.Build.0 = Debug|Any CPU
		{C4CC460D-9165-4F71-A658-0F34406AB271}.Release|Any CPU.ActiveCfg = Release|Any CPU
		{C4CC460D-9165-4F71-A658-0F34406AB271}.Release|Any CPU.Build.0 = Release|Any CPU
	EndGlobalSection
	GlobalSection(SolutionProperties) = preSolution
		HideSolutionNode = FALSE
	EndGlobalSection
	GlobalSection(ExtensibilityGlobals) = postSolution
		SolutionGuid = {0433FBC4-8093-4E88-AF07-D23F4C00DDFA}
	EndGlobalSection
EndGlobal
